filippo.io/edwards25519 v1.1.0 h1:FNf4tywRC1HmFuKW5xopWpigGjJKiJSV0Cqo0cJWDaA=
filippo.io/edwards25519 v1.1.0/go.mod h1:BxyFTGdWcka3PhytdK4V28tE5sGfRvvvRV7EaN4VDT4=
filippo.io/nistec v0.0.3 h1:h336Je2jRDZdBCLy2fLDUd9E2unG32JLwcJi0JQE9Cw=
filippo.io/nistec v0.0.3/go.mod h1:84fxC9mi+MhC2AERXI4LSa8cmSVOzrFikg6hZ4IfCyw=
github.com/bytemare/ecc v0.8.2 h1:MN+Ah48hApFpzJgIMa1xOrK7/R5uwCV06dtJyuHAi3Y=
github.com/bytemare/ecc v0.8.2/go.mod h1:dvkSikSCejw8YaTdJs6lZSN4qz9B4PC5PtGq+CRDmHk=
github.com/bytemare/hash v0.3.0 h1:RqFMt3mqpF7UxLdjBrsOZm/2cz0cQiAOnYc9gDLopWE=
github.com/bytemare/hash v0.3.0/go.mod h1:YKOBchL0l8hRLFinVCL8YUKokGNIMhrWEHPHo3EV7/M=
github.com/bytemare/hash2curve v0.3.0 h1:41Npcbc+u/E252A5aCMtxDcz7JPkkX1QzShneTFm4eg=
github.com/bytemare/hash2curve v0.3.0/go.mod h1:itj45U8uqvCtWC0eCswIHVHswXcEHkpFui7gfJdPSfQ=
github.com/bytemare/secp256k1 v0.1.6 h1:5pOA84UBBTPTUmCkjtH6jHrbvZSh2kyxG0mW/OjSih0=
github.com/bytemare/secp256k1 v0.1.6/go.mod h1:Zr7o3YCog5jKx5JwgYbj984gRIqVioTDZMSDo1y0zgE=
github.com/bytemare/secret-sharing v0.7.0 h1:ayJWEhwQzeChtavB4WrqufRJPnG5u2IePe1MEeJJEgs=
github.com/bytemare/secret-sharing v0.7.0/go.mod h1:Qzrf83Sk36D2NGJpk1/0H6YJx0SnsiOtrS6zaiISL2o=
github.com/gtank/ristretto255 v0.1.2 h1:JEqUCPA1NvLq5DwYtuzigd7ss8fwbYay9fi4/5uMzcc=
github.com/gtank/ristretto255 v0.1.2/go.mod h1:Ph5OpO6c7xKUGROZfWVLiJf9icMDwUeIvY4OmlYW69o=
github.com/oleary-labs/frost v0.0.0-20260326110248-5128efc25b2f h1:kyBbu4Dzlx5+WZTMQ/pcAXqGQpZoDYUi9GbEcYr6hfQ=
github.com/oleary-labs/frost v0.0.0-20260326110248-5128efc25b2f/go.mod h1:WDSt6nC6QyLLrb181aQF2Niuqtxb4+MpCa9TylmmfLQ=
golang.org/x/crypto v0.47.0 h1:V6e3FRj+n4dbpw86FJ8Fv7XVOql7TEwpHapKoMJ/GO8=
golang.org/x/crypto v0.47.0/go.mod h1:ff3Y9VzzKbwSSEzWqJsJVBnWmRwRSHt/6Op5n9bQc4A=
golang.org/x/sys v0.40.0 h1:DBZZqJ2Rkml6QMQsZywtnjnnGvHza6BTfYFWY9kjEWQ=
golang.org/x/sys v0.40.0/go.mod h1:OgkHotnGiDImocRcuBABYBEXf8A9a87e/uXjp9XT3ks=
